
Microsoft Visual Studio Solution File, Format Version 12.00
# Visual Studio Version 16
VisualStudioVersion = 16.0.29020.237
MinimumVisualStudioVersion = 10.0.40219.1
Project("{FAE04EC0-301F-11D3-BF4B-00C04F79EFBC}") = "WebApiResolucao2Do31_10_19", "WebApiResolucao2Do31_10_19\WebApiResolucao2Do31_10_19.csproj", "{73885214-EC80-4129-A40A-E63313CE3799}"
EndProject
Global
	GlobalSection(SolutionConfigurationPlatforms) = preSolution
		Debug|Any CPU = Debug|Any CPU
		Release|Any CPU = Release|Any CPU
	EndGlobalSection
	GlobalSection(ProjectConfigurationPlatforms) = postSolution
		{73885214-EC80-4129-A40A-E63313CE3799}.Debug|Any CPU.ActiveCfg = Debug|Any CPU
		{73885214-EC80-4129-A40A-E63313CE3799}.Debug|Any CPU.Build.0 = Debug|Any CPU
		{73885214-EC80-4129-A40A-E63313CE3799}.Release|Any CPU.ActiveCfg = Release|Any CPU
		{73885214-EC80-4129-A40A-E63313CE3799}.Release|Any CPU.Build.0 = Release|Any CPU
	EndGlobalSection
	GlobalSection(SolutionProperties) = preSolution
		HideSolutionNode = FALSE
	EndGlobalSection
	GlobalSection(ExtensibilityGlobals) = postSolution
		SolutionGuid = {589B581A-AB48-4DD3-B45E-C412504DD7AD}
	EndGlobalSection
EndGlobal
