
Microsoft Visual Studio Solution File, Format Version 12.00
# Visual Studio Version 16
VisualStudioVersion = 16.0.29020.237
MinimumVisualStudioVersion = 10.0.40219.1
Project("{FAE04EC0-301F-11D3-BF4B-00C04F79EFBC}") = "Jogo", "Jogo\Jogo.csproj", "{AAC65286-0C8B-4DED-B606-022650191960}"
EndProject
Global
	GlobalSection(SolutionConfigurationPlatforms) = preSolution
		Debug|Any CPU = Debug|Any CPU
		Release|Any CPU = Release|Any CPU
	EndGlobalSection
	GlobalSection(ProjectConfigurationPlatforms) = postSolution
		{AAC65286-0C8B-4DED-B606-022650191960}.Debug|Any CPU.ActiveCfg = Debug|Any CPU
		{AAC65286-0C8B-4DED-B606-022650191960}.Debug|Any CPU.Build.0 = Debug|Any CPU
		{AAC65286-0C8B-4DED-B606-022650191960}.Release|Any CPU.ActiveCfg = Release|Any CPU
		{AAC65286-0C8B-4DED-B606-022650191960}.Release|Any CPU.Build.0 = Release|Any CPU
	EndGlobalSection
	GlobalSection(SolutionProperties) = preSolution
		HideSolutionNode = FALSE
	EndGlobalSection
	GlobalSection(ExtensibilityGlobals) = postSolution
		SolutionGuid = {411C8AA2-1EE2-45D5-811B-78B0343AA6E5}
	EndGlobalSection
EndGlobal
