
Microsoft Visual Studio Solution File, Format Version 12.00
# Visual Studio Version 16
VisualStudioVersion = 16.0.29020.237
MinimumVisualStudioVersion = 10.0.40219.1
Project("{FAE04EC0-301F-11D3-BF4B-00C04F79EFBC}") = "WebApiBicicleta", "WebApiBicicleta\WebApiBicicleta.csproj", "{C52C1CBE-B585-4BD9-B78F-469FEE8EACC9}"
EndProject
Global
	GlobalSection(SolutionConfigurationPlatforms) = preSolution
		Debug|Any CPU = Debug|Any CPU
		Release|Any CPU = Release|Any CPU
	EndGlobalSection
	GlobalSection(ProjectConfigurationPlatforms) = postSolution
		{C52C1CBE-B585-4BD9-B78F-469FEE8EACC9}.Debug|Any CPU.ActiveCfg = Debug|Any CPU
		{C52C1CBE-B585-4BD9-B78F-469FEE8EACC9}.Debug|Any CPU.Build.0 = Debug|Any CPU
		{C52C1CBE-B585-4BD9-B78F-469FEE8EACC9}.Release|Any CPU.ActiveCfg = Release|Any CPU
		{C52C1CBE-B585-4BD9-B78F-469FEE8EACC9}.Release|Any CPU.Build.0 = Release|Any CPU
	EndGlobalSection
	GlobalSection(SolutionProperties) = preSolution
		HideSolutionNode = FALSE
	EndGlobalSection
	GlobalSection(ExtensibilityGlobals) = postSolution
		SolutionGuid = {8D08E61B-1B4A-43A0-BAD6-C8586E420D78}
	EndGlobalSection
EndGlobal
