
Microsoft Visual Studio Solution File, Format Version 12.00
# Visual Studio Version 16
VisualStudioVersion = 16.0.29306.81
MinimumVisualStudioVersion = 10.0.40219.1
Project("{FAE04EC0-301F-11D3-BF4B-00C04F79EFBC}") = "EntityClass", "EntityClass\EntityClass.csproj", "{1A6DDFAF-B171-487E-B11B-7B4D1131F7CC}"
EndProject
Project("{FAE04EC0-301F-11D3-BF4B-00C04F79EFBC}") = "AcessandoEntity", "AcessandoEntity\AcessandoEntity.csproj", "{6E43DF7B-95C9-4CFB-A5F9-0BD734900228}"
EndProject
Global
	GlobalSection(SolutionConfigurationPlatforms) = preSolution
		Debug|Any CPU = Debug|Any CPU
		Release|Any CPU = Release|Any CPU
	EndGlobalSection
	GlobalSection(ProjectConfigurationPlatforms) = postSolution
		{1A6DDFAF-B171-487E-B11B-7B4D1131F7CC}.Debug|Any CPU.ActiveCfg = Debug|Any CPU
		{1A6DDFAF-B171-487E-B11B-7B4D1131F7CC}.Debug|Any CPU.Build.0 = Debug|Any CPU
		{1A6DDFAF-B171-487E-B11B-7B4D1131F7CC}.Release|Any CPU.ActiveCfg = Release|Any CPU
		{1A6DDFAF-B171-487E-B11B-7B4D1131F7CC}.Release|Any CPU.Build.0 = Release|Any CPU
		{6E43DF7B-95C9-4CFB-A5F9-0BD734900228}.Debug|Any CPU.ActiveCfg = Debug|Any CPU
		{6E43DF7B-95C9-4CFB-A5F9-0BD734900228}.Debug|Any CPU.Build.0 = Debug|Any CPU
		{6E43DF7B-95C9-4CFB-A5F9-0BD734900228}.Release|Any CPU.ActiveCfg = Release|Any CPU
		{6E43DF7B-95C9-4CFB-A5F9-0BD734900228}.Release|Any CPU.Build.0 = Release|Any CPU
	EndGlobalSection
	GlobalSection(SolutionProperties) = preSolution
		HideSolutionNode = FALSE
	EndGlobalSection
	GlobalSection(ExtensibilityGlobals) = postSolution
		SolutionGuid = {634287FF-7D4C-4202-8CBF-156813556314}
	EndGlobalSection
EndGlobal
