
Microsoft Visual Studio Solution File, Format Version 12.00
# Visual Studio Version 16
VisualStudioVersion = 16.0.29020.237
MinimumVisualStudioVersion = 10.0.40219.1
Project("{FAE04EC0-301F-11D3-BF4B-00C04F79EFBC}") = "SistemaDeVendas", "SistemaDeVendas\SistemaDeVendas.csproj", "{00655FAB-AC03-4FFC-96DB-2F7D1B30D300}"
EndProject
Project("{FAE04EC0-301F-11D3-BF4B-00C04F79EFBC}") = "BasePrincipal", "BasePrincipal\BasePrincipal.csproj", "{3954917A-390B-4113-8D0F-AB8BCCC73F4A}"
EndProject
Global
	GlobalSection(SolutionConfigurationPlatforms) = preSolution
		Debug|Any CPU = Debug|Any CPU
		Release|Any CPU = Release|Any CPU
	EndGlobalSection
	GlobalSection(ProjectConfigurationPlatforms) = postSolution
		{00655FAB-AC03-4FFC-96DB-2F7D1B30D300}.Debug|Any CPU.ActiveCfg = Debug|Any CPU
		{00655FAB-AC03-4FFC-96DB-2F7D1B30D300}.Debug|Any CPU.Build.0 = Debug|Any CPU
		{00655FAB-AC03-4FFC-96DB-2F7D1B30D300}.Release|Any CPU.ActiveCfg = Release|Any CPU
		{00655FAB-AC03-4FFC-96DB-2F7D1B30D300}.Release|Any CPU.Build.0 = Release|Any CPU
		{3954917A-390B-4113-8D0F-AB8BCCC73F4A}.Debug|Any CPU.ActiveCfg = Debug|Any CPU
		{3954917A-390B-4113-8D0F-AB8BCCC73F4A}.Debug|Any CPU.Build.0 = Debug|Any CPU
		{3954917A-390B-4113-8D0F-AB8BCCC73F4A}.Release|Any CPU.ActiveCfg = Release|Any CPU
		{3954917A-390B-4113-8D0F-AB8BCCC73F4A}.Release|Any CPU.Build.0 = Release|Any CPU
	EndGlobalSection
	GlobalSection(SolutionProperties) = preSolution
		HideSolutionNode = FALSE
	EndGlobalSection
	GlobalSection(ExtensibilityGlobals) = postSolution
		SolutionGuid = {A9FF496C-10F5-4DAC-8D80-70FB2B768323}
	EndGlobalSection
EndGlobal
