
Microsoft Visual Studio Solution File, Format Version 12.00
# Visual Studio Version 16
VisualStudioVersion = 16.0.29020.237
MinimumVisualStudioVersion = 10.0.40219.1
Project("{FAE04EC0-301F-11D3-BF4B-00C04F79EFBC}") = "WebApiBancoExistente", "WebApiBancoExistente\WebApiBancoExistente.csproj", "{56014206-B4F2-4D13-AE0E-B4C6FBD3EFFB}"
EndProject
Global
	GlobalSection(SolutionConfigurationPlatforms) = preSolution
		Debug|Any CPU = Debug|Any CPU
		Release|Any CPU = Release|Any CPU
	EndGlobalSection
	GlobalSection(ProjectConfigurationPlatforms) = postSolution
		{56014206-B4F2-4D13-AE0E-B4C6FBD3EFFB}.Debug|Any CPU.ActiveCfg = Debug|Any CPU
		{56014206-B4F2-4D13-AE0E-B4C6FBD3EFFB}.Debug|Any CPU.Build.0 = Debug|Any CPU
		{56014206-B4F2-4D13-AE0E-B4C6FBD3EFFB}.Release|Any CPU.ActiveCfg = Release|Any CPU
		{56014206-B4F2-4D13-AE0E-B4C6FBD3EFFB}.Release|Any CPU.Build.0 = Release|Any CPU
	EndGlobalSection
	GlobalSection(SolutionProperties) = preSolution
		HideSolutionNode = FALSE
	EndGlobalSection
	GlobalSection(ExtensibilityGlobals) = postSolution
		SolutionGuid = {6A7067A9-D2B3-41CE-8613-3D72742B32D2}
	EndGlobalSection
EndGlobal
