
Microsoft Visual Studio Solution File, Format Version 12.00
# Visual Studio Version 16
VisualStudioVersion = 16.0.29020.237
MinimumVisualStudioVersion = 10.0.40219.1
Project("{FAE04EC0-301F-11D3-BF4B-00C04F79EFBC}") = "IniciandoForeach", "LacosDeRepeticaoParte2\IniciandoForeach.csproj", "{4898C79C-945D-43C0-819D-185CDC34D159}"
EndProject
Project("{FAE04EC0-301F-11D3-BF4B-00C04F79EFBC}") = "AtividadeDoisUsandoSplit", "AtividadeDoisUsandoSplit\AtividadeDoisUsandoSplit.csproj", "{18CE2AAB-4453-43FC-A862-B31C876185D8}"
EndProject
Project("{FAE04EC0-301F-11D3-BF4B-00C04F79EFBC}") = "Atividade3", "Atividade3\Atividade3.csproj", "{B43EF85D-F1F7-4324-ADB5-AE88C1282D3E}"
EndProject
Project("{FAE04EC0-301F-11D3-BF4B-00C04F79EFBC}") = "AprendendoOList", "AprendendoOList\AprendendoOList.csproj", "{55BAF742-26F6-4277-9777-2A3F7360ACE4}"
EndProject
Global
	GlobalSection(SolutionConfigurationPlatforms) = preSolution
		Debug|Any CPU = Debug|Any CPU
		Release|Any CPU = Release|Any CPU
	EndGlobalSection
	GlobalSection(ProjectConfigurationPlatforms) = postSolution
		{4898C79C-945D-43C0-819D-185CDC34D159}.Debug|Any CPU.ActiveCfg = Debug|Any CPU
		{4898C79C-945D-43C0-819D-185CDC34D159}.Debug|Any CPU.Build.0 = Debug|Any CPU
		{4898C79C-945D-43C0-819D-185CDC34D159}.Release|Any CPU.ActiveCfg = Release|Any CPU
		{4898C79C-945D-43C0-819D-185CDC34D159}.Release|Any CPU.Build.0 = Release|Any CPU
		{18CE2AAB-4453-43FC-A862-B31C876185D8}.Debug|Any CPU.ActiveCfg = Debug|Any CPU
		{18CE2AAB-4453-43FC-A862-B31C876185D8}.Debug|Any CPU.Build.0 = Debug|Any CPU
		{18CE2AAB-4453-43FC-A862-B31C876185D8}.Release|Any CPU.ActiveCfg = Release|Any CPU
		{18CE2AAB-4453-43FC-A862-B31C876185D8}.Release|Any CPU.Build.0 = Release|Any CPU
		{B43EF85D-F1F7-4324-ADB5-AE88C1282D3E}.Debug|Any CPU.ActiveCfg = Debug|Any CPU
		{B43EF85D-F1F7-4324-ADB5-AE88C1282D3E}.Debug|Any CPU.Build.0 = Debug|Any CPU
		{B43EF85D-F1F7-4324-ADB5-AE88C1282D3E}.Release|Any CPU.ActiveCfg = Release|Any CPU
		{B43EF85D-F1F7-4324-ADB5-AE88C1282D3E}.Release|Any CPU.Build.0 = Release|Any CPU
		{55BAF742-26F6-4277-9777-2A3F7360ACE4}.Debug|Any CPU.ActiveCfg = Debug|Any CPU
		{55BAF742-26F6-4277-9777-2A3F7360ACE4}.Debug|Any CPU.Build.0 = Debug|Any CPU
		{55BAF742-26F6-4277-9777-2A3F7360ACE4}.Release|Any CPU.ActiveCfg = Release|Any CPU
		{55BAF742-26F6-4277-9777-2A3F7360ACE4}.Release|Any CPU.Build.0 = Release|Any CPU
	EndGlobalSection
	GlobalSection(SolutionProperties) = preSolution
		HideSolutionNode = FALSE
	EndGlobalSection
	GlobalSection(ExtensibilityGlobals) = postSolution
		SolutionGuid = {29172B6C-487D-42EE-AA8D-75B0B2E4A4F9}
	EndGlobalSection
EndGlobal
