
Microsoft Visual Studio Solution File, Format Version 12.00
# Visual Studio Version 16
VisualStudioVersion = 16.0.29102.190
MinimumVisualStudioVersion = 10.0.40219.1
Project("{FAE04EC0-301F-11D3-BF4B-00C04F79EFBC}") = "LocacaoBiblioteca", "LocacaoBiblioteca\LocacaoBiblioteca.csproj", "{A030FEE4-C301-49EA-97B4-FCD21E27159C}"
EndProject
Project("{FAE04EC0-301F-11D3-BF4B-00C04F79EFBC}") = "InterfaceBiblioteca", "InterfaceBiblioteca\InterfaceBiblioteca.csproj", "{588FFBB8-F827-44B7-A062-59333C724037}"
EndProject
Global
	GlobalSection(SolutionConfigurationPlatforms) = preSolution
		Debug|Any CPU = Debug|Any CPU
		Release|Any CPU = Release|Any CPU
	EndGlobalSection
	GlobalSection(ProjectConfigurationPlatforms) = postSolution
		{A030FEE4-C301-49EA-97B4-FCD21E27159C}.Debug|Any CPU.ActiveCfg = Debug|Any CPU
		{A030FEE4-C301-49EA-97B4-FCD21E27159C}.Debug|Any CPU.Build.0 = Debug|Any CPU
		{A030FEE4-C301-49EA-97B4-FCD21E27159C}.Release|Any CPU.ActiveCfg = Release|Any CPU
		{A030FEE4-C301-49EA-97B4-FCD21E27159C}.Release|Any CPU.Build.0 = Release|Any CPU
		{588FFBB8-F827-44B7-A062-59333C724037}.Debug|Any CPU.ActiveCfg = Debug|Any CPU
		{588FFBB8-F827-44B7-A062-59333C724037}.Debug|Any CPU.Build.0 = Debug|Any CPU
		{588FFBB8-F827-44B7-A062-59333C724037}.Release|Any CPU.ActiveCfg = Release|Any CPU
		{588FFBB8-F827-44B7-A062-59333C724037}.Release|Any CPU.Build.0 = Release|Any CPU
	EndGlobalSection
	GlobalSection(SolutionProperties) = preSolution
		HideSolutionNode = FALSE
	EndGlobalSection
	GlobalSection(ExtensibilityGlobals) = postSolution
		SolutionGuid = {EFE01BD5-F87F-4C44-8999-95583DEE0EFB}
	EndGlobalSection
EndGlobal
