
Microsoft Visual Studio Solution File, Format Version 12.00
# Visual Studio Version 16
VisualStudioVersion = 16.0.29326.143
MinimumVisualStudioVersion = 10.0.40219.1
Project("{FAE04EC0-301F-11D3-BF4B-00C04F79EFBC}") = "ListandoNomes", "ListandoNomes\ListandoNomes.csproj", "{DEC15849-1A82-4EBC-95A5-C15731DC82D3}"
EndProject
Project("{FAE04EC0-301F-11D3-BF4B-00C04F79EFBC}") = "SistemaDeNomes", "SistemaDeNomes\SistemaDeNomes.csproj", "{F48BE6C5-A2EF-4A2C-8FD8-D1039981A262}"
EndProject
Global
	GlobalSection(SolutionConfigurationPlatforms) = preSolution
		Debug|Any CPU = Debug|Any CPU
		Release|Any CPU = Release|Any CPU
	EndGlobalSection
	GlobalSection(ProjectConfigurationPlatforms) = postSolution
		{DEC15849-1A82-4EBC-95A5-C15731DC82D3}.Debug|Any CPU.ActiveCfg = Debug|Any CPU
		{DEC15849-1A82-4EBC-95A5-C15731DC82D3}.Debug|Any CPU.Build.0 = Debug|Any CPU
		{DEC15849-1A82-4EBC-95A5-C15731DC82D3}.Release|Any CPU.ActiveCfg = Release|Any CPU
		{DEC15849-1A82-4EBC-95A5-C15731DC82D3}.Release|Any CPU.Build.0 = Release|Any CPU
		{F48BE6C5-A2EF-4A2C-8FD8-D1039981A262}.Debug|Any CPU.ActiveCfg = Debug|Any CPU
		{F48BE6C5-A2EF-4A2C-8FD8-D1039981A262}.Debug|Any CPU.Build.0 = Debug|Any CPU
		{F48BE6C5-A2EF-4A2C-8FD8-D1039981A262}.Release|Any CPU.ActiveCfg = Release|Any CPU
		{F48BE6C5-A2EF-4A2C-8FD8-D1039981A262}.Release|Any CPU.Build.0 = Release|Any CPU
	EndGlobalSection
	GlobalSection(SolutionProperties) = preSolution
		HideSolutionNode = FALSE
	EndGlobalSection
	GlobalSection(ExtensibilityGlobals) = postSolution
		SolutionGuid = {7B08F02C-7A9D-4D62-B34E-A2995A5DFE2B}
	EndGlobalSection
EndGlobal
