
Microsoft Visual Studio Solution File, Format Version 12.00
# Visual Studio Version 16
VisualStudioVersion = 16.0.29215.179
MinimumVisualStudioVersion = 10.0.40219.1
Project("{FAE04EC0-301F-11D3-BF4B-00C04F79EFBC}") = "Trocar Pneu", "Trocar Pneu\Trocar Pneu.csproj", "{980B2BDF-0E35-4506-BAF9-CCE3129BA0CA}"
EndProject
Global
	GlobalSection(SolutionConfigurationPlatforms) = preSolution
		Debug|Any CPU = Debug|Any CPU
		Release|Any CPU = Release|Any CPU
	EndGlobalSection
	GlobalSection(ProjectConfigurationPlatforms) = postSolution
		{980B2BDF-0E35-4506-BAF9-CCE3129BA0CA}.Debug|Any CPU.ActiveCfg = Debug|Any CPU
		{980B2BDF-0E35-4506-BAF9-CCE3129BA0CA}.Debug|Any CPU.Build.0 = Debug|Any CPU
		{980B2BDF-0E35-4506-BAF9-CCE3129BA0CA}.Release|Any CPU.ActiveCfg = Release|Any CPU
		{980B2BDF-0E35-4506-BAF9-CCE3129BA0CA}.Release|Any CPU.Build.0 = Release|Any CPU
	EndGlobalSection
	GlobalSection(SolutionProperties) = preSolution
		HideSolutionNode = FALSE
	EndGlobalSection
	GlobalSection(ExtensibilityGlobals) = postSolution
		SolutionGuid = {F4A8465B-B86C-40DC-ACFD-B4CAEACC0F1E}
	EndGlobalSection
EndGlobal
