
Microsoft Visual Studio Solution File, Format Version 12.00
# Visual Studio Version 16
VisualStudioVersion = 16.0.29020.237
MinimumVisualStudioVersion = 10.0.40219.1
Project("{FAE04EC0-301F-11D3-BF4B-00C04F79EFBC}") = "MinhaPrimeiraClass", "MinhaPrimeiraClass\MinhaPrimeiraClass.csproj", "{DB36C731-A904-4B74-B334-587E847B4E53}"
EndProject
Project("{FAE04EC0-301F-11D3-BF4B-00C04F79EFBC}") = "MinhaSegundaClasse", "MinhaSegundaClasse\MinhaSegundaClasse.csproj", "{768BE2D0-F529-496A-B96B-BA653922901C}"
EndProject
Global
	GlobalSection(SolutionConfigurationPlatforms) = preSolution
		Debug|Any CPU = Debug|Any CPU
		Release|Any CPU = Release|Any CPU
	EndGlobalSection
	GlobalSection(ProjectConfigurationPlatforms) = postSolution
		{DB36C731-A904-4B74-B334-587E847B4E53}.Debug|Any CPU.ActiveCfg = Debug|Any CPU
		{DB36C731-A904-4B74-B334-587E847B4E53}.Debug|Any CPU.Build.0 = Debug|Any CPU
		{DB36C731-A904-4B74-B334-587E847B4E53}.Release|Any CPU.ActiveCfg = Release|Any CPU
		{DB36C731-A904-4B74-B334-587E847B4E53}.Release|Any CPU.Build.0 = Release|Any CPU
		{768BE2D0-F529-496A-B96B-BA653922901C}.Debug|Any CPU.ActiveCfg = Debug|Any CPU
		{768BE2D0-F529-496A-B96B-BA653922901C}.Debug|Any CPU.Build.0 = Debug|Any CPU
		{768BE2D0-F529-496A-B96B-BA653922901C}.Release|Any CPU.ActiveCfg = Release|Any CPU
		{768BE2D0-F529-496A-B96B-BA653922901C}.Release|Any CPU.Build.0 = Release|Any CPU
	EndGlobalSection
	GlobalSection(SolutionProperties) = preSolution
		HideSolutionNode = FALSE
	EndGlobalSection
	GlobalSection(ExtensibilityGlobals) = postSolution
		SolutionGuid = {77C38ACD-53BD-4573-B983-3C2BF027690F}
	EndGlobalSection
EndGlobal
