
Microsoft Visual Studio Solution File, Format Version 12.00
# Visual Studio Version 16
VisualStudioVersion = 16.0.29424.173
MinimumVisualStudioVersion = 10.0.40219.1
Project("{FAE04EC0-301F-11D3-BF4B-00C04F79EFBC}") = "WebAppSolucaoDois_04_11_19", "WebAppSolucaoDois_04_11_19\WebAppSolucaoDois_04_11_19.csproj", "{57CFB0DC-98D0-4019-A49C-6DDD59407285}"
EndProject
Global
	GlobalSection(SolutionConfigurationPlatforms) = preSolution
		Debug|Any CPU = Debug|Any CPU
		Release|Any CPU = Release|Any CPU
	EndGlobalSection
	GlobalSection(ProjectConfigurationPlatforms) = postSolution
		{57CFB0DC-98D0-4019-A49C-6DDD59407285}.Debug|Any CPU.ActiveCfg = Debug|Any CPU
		{57CFB0DC-98D0-4019-A49C-6DDD59407285}.Debug|Any CPU.Build.0 = Debug|Any CPU
		{57CFB0DC-98D0-4019-A49C-6DDD59407285}.Release|Any CPU.ActiveCfg = Release|Any CPU
		{57CFB0DC-98D0-4019-A49C-6DDD59407285}.Release|Any CPU.Build.0 = Release|Any CPU
	EndGlobalSection
	GlobalSection(SolutionProperties) = preSolution
		HideSolutionNode = FALSE
	EndGlobalSection
	GlobalSection(ExtensibilityGlobals) = postSolution
		SolutionGuid = {60B4A6DE-507F-4B4A-BA33-BD20B36CC8E5}
	EndGlobalSection
EndGlobal
